
Microsoft Visual Studio Solution File, Format Version 12.00
# Visual Studio Version 17
VisualStudioVersion = 17.1.32328.378
MinimumVisualStudioVersion = 10.0.40219.1
Project("{FAE04EC0-301F-11D3-BF4B-00C04F79EFBC}") = "TasksManager.Data", "TasksManager.Data\TasksManager.Data.csproj", "{09205478-C4CE-41CE-8014-E46429B31C7A}"
EndProject
Project("{FAE04EC0-301F-11D3-BF4B-00C04F79EFBC}") = "TasksManager.WebApi", "TasksManager.WebApi\TasksManager.WebApi.csproj", "{8A05AA83-E4FC-48F6-B68E-2B80C10F1CF2}"
EndProject
Global
	GlobalSection(SolutionConfigurationPlatforms) = preSolution
		Debug|Any CPU = Debug|Any CPU
		Release|Any CPU = Release|Any CPU
	EndGlobalSection
	GlobalSection(ProjectConfigurationPlatforms) = postSolution
		{09205478-C4CE-41CE-8014-E46429B31C7A}.Debug|Any CPU.ActiveCfg = Debug|Any CPU
		{09205478-C4CE-41CE-8014-E46429B31C7A}.Debug|Any CPU.Build.0 = Debug|Any CPU
		{09205478-C4CE-41CE-8014-E46429B31C7A}.Release|Any CPU.ActiveCfg = Release|Any CPU
		{09205478-C4CE-41CE-8014-E46429B31C7A}.Release|Any CPU.Build.0 = Release|Any CPU
		{8A05AA83-E4FC-48F6-B68E-2B80C10F1CF2}.Debug|Any CPU.ActiveCfg = Debug|Any CPU
		{8A05AA83-E4FC-48F6-B68E-2B80C10F1CF2}.Debug|Any CPU.Build.0 = Debug|Any CPU
		{8A05AA83-E4FC-48F6-B68E-2B80C10F1CF2}.Release|Any CPU.ActiveCfg = Release|Any CPU
		{8A05AA83-E4FC-48F6-B68E-2B80C10F1CF2}.Release|Any CPU.Build.0 = Release|Any CPU
	EndGlobalSection
	GlobalSection(SolutionProperties) = preSolution
		HideSolutionNode = FALSE
	EndGlobalSection
	GlobalSection(ExtensibilityGlobals) = postSolution
		SolutionGuid = {2F231D81-B984-429C-9B4F-D38017DB7EB6}
	EndGlobalSection
EndGlobal
